{
  "nodes": {
    "fire-flake-config": {
      "locked": {
        "lastModified": 1749324004,
        "narHash": "sha256-52n+unFm/WFAgQqBmM8dfBEtY1hl6eWtydjHAo79IGY=",
        "ref": "refs/heads/main",
        "rev": "ec8b751f801011195233f44e3bd63ac9e50eb5b0",
        "revCount": 11,
        "type": "git",
        "url": "ssh://git@github.com/adhityaravi/fire-flake-config-ivdi.git"
      },
      "original": {
        "type": "git",
        "url": "ssh://git@github.com/adhityaravi/fire-flake-config-ivdi.git"
      }
    },
    "home-manager": {
      "inputs": {
        "nixpkgs": [
          "nixpkgs"
        ]
      },
      "locked": {
        "lastModified": 1763313531,
        "narHash": "sha256-yvdCYUL85zEDp2NzPUBmaNBXP6KnWEOhAk3j7PTfsKw=",
        "owner": "nix-community",
        "repo": "home-manager",
        "rev": "3670a78eee49deebe4825fc8ecc46b172d1a8391",
        "type": "github"
      },
      "original": {
        "owner": "nix-community",
        "ref": "master",
        "repo": "home-manager",
        "type": "github"
      }
    },
    "nixpkgs": {
      "locked": {
        "lastModified": 1762977756,
        "narHash": "sha256-4PqRErxfe+2toFJFgcRKZ0UI9NSIOJa+7RXVtBhy4KE=",
        "owner": "NixOS",
        "repo": "nixpkgs",
        "rev": "c5ae371f1a6a7fd27823bc500d9390b38c05fa55",
        "type": "github"
      },
      "original": {
        "owner": "NixOS",
        "ref": "nixos-unstable",
        "repo": "nixpkgs",
        "type": "github"
      }
    },
    "nurpkgs": {
      "inputs": {
        "nixpkgs": [
          "nixpkgs"
        ]
      },
      "locked": {
        "lastModified": 1751049995,
        "narHash": "sha256-EIEiXqB3RNHBO/GU8BYvIXewh7hdPYuJyeERhbLI7Io=",
        "owner": "adhityaravi",
        "repo": "nurpkgs",
        "rev": "780cadf7941bc76582d4b59208ab5619561a8103",
        "type": "github"
      },
      "original": {
        "owner": "adhityaravi",
        "repo": "nurpkgs",
        "type": "github"
      }
    },
    "root": {
      "inputs": {
        "fire-flake-config": "fire-flake-config",
        "home-manager": "home-manager",
        "nixpkgs": "nixpkgs",
        "nurpkgs": "nurpkgs"
      }
    }
  },
  "root": "root",
  "version": 7
}
