{
  "nodes": {
    "fire-flake-config": {
      "locked": {
        "lastModified": 1749324004,
        "narHash": "sha256-52n+unFm/WFAgQqBmM8dfBEtY1hl6eWtydjHAo79IGY=",
        "ref": "refs/heads/main",
        "rev": "ec8b751f801011195233f44e3bd63ac9e50eb5b0",
        "revCount": 11,
        "type": "git",
        "url": "ssh://git@github.com/adhityaravi/fire-flake-config-ivdi.git"
      },
      "original": {
        "type": "git",
        "url": "ssh://git@github.com/adhityaravi/fire-flake-config-ivdi.git"
      }
    },
    "home-manager": {
      "inputs": {
        "nixpkgs": [
          "nixpkgs"
        ]
      },
      "locked": {
        "lastModified": 1766949189,
        "narHash": "sha256-t4lRzHDaAvSNIPcZO4NrjnfeYv+Yvr2BUWkUnoCbuzs=",
        "owner": "nix-community",
        "repo": "home-manager",
        "rev": "398bc87bc89fc05a3c3731884b16e819c52e2b00",
        "type": "github"
      },
      "original": {
        "owner": "nix-community",
        "ref": "master",
        "repo": "home-manager",
        "type": "github"
      }
    },
    "nixpkgs": {
      "locked": {
        "lastModified": 1766651565,
        "narHash": "sha256-QEhk0eXgyIqTpJ/ehZKg9IKS7EtlWxF3N7DXy42zPfU=",
        "owner": "NixOS",
        "repo": "nixpkgs",
        "rev": "3e2499d5539c16d0d173ba53552a4ff8547f4539",
        "type": "github"
      },
      "original": {
        "owner": "NixOS",
        "ref": "nixos-unstable",
        "repo": "nixpkgs",
        "type": "github"
      }
    },
    "nurpkgs": {
      "inputs": {
        "nixpkgs": [
          "nixpkgs"
        ]
      },
      "locked": {
        "lastModified": 1763315604,
        "narHash": "sha256-LOQycG4yleRtN9YKjPGu3E828ksO9X83qcWHnPezSbw=",
        "owner": "adhityaravi",
        "repo": "nurpkgs",
        "rev": "edb6ea67162f7b088648c91d2b112cca5754d099",
        "type": "github"
      },
      "original": {
        "owner": "adhityaravi",
        "repo": "nurpkgs",
        "type": "github"
      }
    },
    "root": {
      "inputs": {
        "fire-flake-config": "fire-flake-config",
        "home-manager": "home-manager",
        "nixpkgs": "nixpkgs",
        "nurpkgs": "nurpkgs"
      }
    }
  },
  "root": "root",
  "version": 7
}
