{
  "nodes": {
    "fire-flake-config": {
      "locked": {
        "lastModified": 1749324004,
        "narHash": "sha256-52n+unFm/WFAgQqBmM8dfBEtY1hl6eWtydjHAo79IGY=",
        "ref": "refs/heads/main",
        "rev": "ec8b751f801011195233f44e3bd63ac9e50eb5b0",
        "revCount": 11,
        "type": "git",
        "url": "ssh://git@github.com/adhityaravi/fire-flake-config-ivdi.git"
      },
      "original": {
        "type": "git",
        "url": "ssh://git@github.com/adhityaravi/fire-flake-config-ivdi.git"
      }
    },
    "home-manager": {
      "inputs": {
        "nixpkgs": [
          "nixpkgs"
        ]
      },
      "locked": {
        "lastModified": 1750713626,
        "narHash": "sha256-uM+hqdMxp+H53d8R7EHn2yY+nLNGgg59pdipIgCZ5yY=",
        "owner": "nix-community",
        "repo": "home-manager",
        "rev": "86402a17b6c67b07c5536354da5d56c14196de46",
        "type": "github"
      },
      "original": {
        "owner": "nix-community",
        "ref": "master",
        "repo": "home-manager",
        "type": "github"
      }
    },
    "nixpkgs": {
      "locked": {
        "lastModified": 1750506804,
        "narHash": "sha256-VLFNc4egNjovYVxDGyBYTrvVCgDYgENp5bVi9fPTDYc=",
        "owner": "NixOS",
        "repo": "nixpkgs",
        "rev": "4206c4cb56751df534751b058295ea61357bbbaa",
        "type": "github"
      },
      "original": {
        "owner": "NixOS",
        "ref": "nixos-unstable",
        "repo": "nixpkgs",
        "type": "github"
      }
    },
    "nurpkgs": {
      "inputs": {
        "nixpkgs": [
          "nixpkgs"
        ]
      },
      "locked": {
        "lastModified": 1749633428,
        "narHash": "sha256-bJkAe5oqoLhv9uI+7kXQ3gXbqODyeDleL38259EW1fo=",
        "owner": "adhityaravi",
        "repo": "nurpkgs",
        "rev": "62dab2314e32cedfd3e3e3493fcafa2dca697e13",
        "type": "github"
      },
      "original": {
        "owner": "adhityaravi",
        "repo": "nurpkgs",
        "type": "github"
      }
    },
    "root": {
      "inputs": {
        "fire-flake-config": "fire-flake-config",
        "home-manager": "home-manager",
        "nixpkgs": "nixpkgs",
        "nurpkgs": "nurpkgs"
      }
    }
  },
  "root": "root",
  "version": 7
}
